{
  "name": "eslint-config-blyss",
  "version": "11.0.0",
  "lockfileVersion": 1,
  "requires": true,
  "dependencies": {
    "eslint-plugin-prefer-let": {
      "version": "1.0.1",
      "resolved": "https://registry.npmjs.org/eslint-plugin-prefer-let/-/eslint-plugin-prefer-let-1.0.1.tgz",
      "integrity": "sha1-73IWvKv21MsKe3tez1XoXp7lgGc=",
      "requires": {
        "requireindex": "1.1.0"
      }
    },
    "requireindex": {
      "version": "1.1.0",
      "resolved": "https://registry.npmjs.org/requireindex/-/requireindex-1.1.0.tgz",
      "integrity": "sha1-5UBLgVV+91225JxacgBIk/4D4WI="
    }
  }
}
